
Microsoft Visual Studio Solution File, Format Version 12.00
# Visual Studio Version 16
VisualStudioVersion = 16.0.33927.289
MinimumVisualStudioVersion = 10.0.40219.1
Project("{2150E333-8FDC-42A3-9474-1A3956D46DE8}") = "Task0", "Task0", "{05AE7AAB-B851-4BC3-AD6A-E31D7355FBE7}"
EndProject
Project("{FAE04EC0-301F-11D3-BF4B-00C04F79EFBC}") = "Tyuiu.MedvedevKA.Sprint0.Task0.V0", "Tyuiu.MedvedevKA.Sprint0.Task0.V0\Tyuiu.MedvedevKA.Sprint0.Task0.V0.csproj", "{D0694301-4FE0-4147-AE00-1D875444E519}"
EndProject
Project("{2150E333-8FDC-42A3-9474-1A3956D46DE8}") = "Task1", "Task1", "{E9D9C4F6-4AD1-486D-89CD-BCD531513315}"
EndProject
Project("{FAE04EC0-301F-11D3-BF4B-00C04F79EFBC}") = "Tyuiu.MedvedvKA.Sprint0.Task1.V0", "Tyuiu.MedvedvKA.Sprint0.Task1.V0\Tyuiu.MedvedvKA.Sprint0.Task1.V0.csproj", "{3B00C247-3FED-4941-8F43-A2CDC1DDBB8C}"
EndProject
Project("{2150E333-8FDC-42A3-9474-1A3956D46DE8}") = "Task2", "Task2", "{5D239AE3-1E96-414A-B338-00BC13529C12}"
EndProject
Project("{FAE04EC0-301F-11D3-BF4B-00C04F79EFBC}") = "Tyuiu.MedvedevKA.Sprint0.Task2.V0", "Tyuiu.MedvedevKA.Sprint0.Task2.V0\Tyuiu.MedvedevKA.Sprint0.Task2.V0.csproj", "{299BBC3A-097D-4C04-8A7C-68FF9B16635C}"
EndProject
Project("{FAE04EC0-301F-11D3-BF4B-00C04F79EFBC}") = "Tyuiu.MedvedevKA.Sprint0.Task2.V0.Lib", "Tyuiu.MedvedevKA.Sprint0.Task2.V0.Lib\Tyuiu.MedvedevKA.Sprint0.Task2.V0.Lib.csproj", "{9737B5E4-F680-4ADB-9EE4-B37E4D986A1D}"
EndProject
Project("{FAE04EC0-301F-11D3-BF4B-00C04F79EFBC}") = "Tyuiu.MedvedevKA.Sprint0.Task2.V0.Test", "Tyuiu.MedvedevKA.Sprint0.Task2.V0.Test\Tyuiu.MedvedevKA.Sprint0.Task2.V0.Test.csproj", "{4965EF45-2A6A-4DD9-BA7A-037D5A108DBD}"
EndProject
Project("{2150E333-8FDC-42A3-9474-1A3956D46DE8}") = "Task3", "Task3", "{FDB5ADF2-FC97-4BCD-B8C4-149AC54CEB51}"
EndProject
Project("{FAE04EC0-301F-11D3-BF4B-00C04F79EFBC}") = "Tyuiu.MedvedevKA.Sprint0.Task3.V0", "Tyuiu.MedvedevKA.Sprint0.Task3.V0\Tyuiu.MedvedevKA.Sprint0.Task3.V0.csproj", "{61170FE4-3A4E-4EA5-9865-20F8EDA7AB2F}"
EndProject
Project("{FAE04EC0-301F-11D3-BF4B-00C04F79EFBC}") = "Tyuiu.MedvedevKA.Sprint0.Task3.V0.Lib", "Tyuiu.MedvedevKA.Sprint0.Task3.V0.Lib\Tyuiu.MedvedevKA.Sprint0.Task3.V0.Lib.csproj", "{B6A5E997-ABA6-41A0-9E4C-C1B31F2C4382}"
EndProject
Project("{FAE04EC0-301F-11D3-BF4B-00C04F79EFBC}") = "Tyuiu.MedvedevKA.Sprint0.Task3.V0.Test", "Tyuiu.MedvedevKA.Sprint0.Task3.V0.Test\Tyuiu.MedvedevKA.Sprint0.Task3.V0.Test.csproj", "{1DB82478-3771-4280-BC13-A2E727FC43FA}"
EndProject
Project("{2150E333-8FDC-42A3-9474-1A3956D46DE8}") = "Task4", "Task4", "{06F0A860-C798-47B4-AE38-DE07ED2A4EAB}"
EndProject
Project("{FAE04EC0-301F-11D3-BF4B-00C04F79EFBC}") = "Tyuiu.MedvedevKA.Sprint0.Task4.V0", "Tyuiu.MedvedevKA.Sprint0.Task4.V0\Tyuiu.MedvedevKA.Sprint0.Task4.V0.csproj", "{E82CC949-E257-49A4-A67B-106977169E5B}"
EndProject
Project("{FAE04EC0-301F-11D3-BF4B-00C04F79EFBC}") = "Tyuiu.MedvedevKA.Sprint0.Task4.V0.Lib", "Tyuiu.MedvedevKA.Sprint0.Task4.V0.Lib\Tyuiu.MedvedevKA.Sprint0.Task4.V0.Lib.csproj", "{F7944D53-D62C-4F40-BDFE-18B27221DE92}"
EndProject
Project("{FAE04EC0-301F-11D3-BF4B-00C04F79EFBC}") = "Tyuiu.MedvedevKA.Sprint0.Task4.V0.Test", "Tyuiu.MedvedevKA.Sprint0.Task4.V0.Test\Tyuiu.MedvedevKA.Sprint0.Task4.V0.Test.csproj", "{C6116AEC-8B12-40CF-A080-B7BFA046E1AB}"
EndProject
Project("{2150E333-8FDC-42A3-9474-1A3956D46DE8}") = "Task5", "Task5", "{E2DB0FA1-5C79-4380-B933-40D786738A92}"
EndProject
Global
	GlobalSection(SolutionConfigurationPlatforms) = preSolution
		Debug|Any CPU = Debug|Any CPU
		Release|Any CPU = Release|Any CPU
	EndGlobalSection
	GlobalSection(ProjectConfigurationPlatforms) = postSolution
		{D0694301-4FE0-4147-AE00-1D875444E519}.Debug|Any CPU.ActiveCfg = Debug|Any CPU
		{D0694301-4FE0-4147-AE00-1D875444E519}.Debug|Any CPU.Build.0 = Debug|Any CPU
		{D0694301-4FE0-4147-AE00-1D875444E519}.Release|Any CPU.ActiveCfg = Release|Any CPU
		{D0694301-4FE0-4147-AE00-1D875444E519}.Release|Any CPU.Build.0 = Release|Any CPU
		{3B00C247-3FED-4941-8F43-A2CDC1DDBB8C}.Debug|Any CPU.ActiveCfg = Debug|Any CPU
		{3B00C247-3FED-4941-8F43-A2CDC1DDBB8C}.Debug|Any CPU.Build.0 = Debug|Any CPU
		{3B00C247-3FED-4941-8F43-A2CDC1DDBB8C}.Release|Any CPU.ActiveCfg = Release|Any CPU
		{3B00C247-3FED-4941-8F43-A2CDC1DDBB8C}.Release|Any CPU.Build.0 = Release|Any CPU
		{299BBC3A-097D-4C04-8A7C-68FF9B16635C}.Debug|Any CPU.ActiveCfg = Debug|Any CPU
		{299BBC3A-097D-4C04-8A7C-68FF9B16635C}.Debug|Any CPU.Build.0 = Debug|Any CPU
		{299BBC3A-097D-4C04-8A7C-68FF9B16635C}.Release|Any CPU.ActiveCfg = Release|Any CPU
		{299BBC3A-097D-4C04-8A7C-68FF9B16635C}.Release|Any CPU.Build.0 = Release|Any CPU
		{9737B5E4-F680-4ADB-9EE4-B37E4D986A1D}.Debug|Any CPU.ActiveCfg = Debug|Any CPU
		{9737B5E4-F680-4ADB-9EE4-B37E4D986A1D}.Debug|Any CPU.Build.0 = Debug|Any CPU
		{9737B5E4-F680-4ADB-9EE4-B37E4D986A1D}.Release|Any CPU.ActiveCfg = Release|Any CPU
		{9737B5E4-F680-4ADB-9EE4-B37E4D986A1D}.Release|Any CPU.Build.0 = Release|Any CPU
		{4965EF45-2A6A-4DD9-BA7A-037D5A108DBD}.Debug|Any CPU.ActiveCfg = Debug|Any CPU
		{4965EF45-2A6A-4DD9-BA7A-037D5A108DBD}.Debug|Any CPU.Build.0 = Debug|Any CPU
		{4965EF45-2A6A-4DD9-BA7A-037D5A108DBD}.Release|Any CPU.ActiveCfg = Release|Any CPU
		{4965EF45-2A6A-4DD9-BA7A-037D5A108DBD}.Release|Any CPU.Build.0 = Release|Any CPU
		{61170FE4-3A4E-4EA5-9865-20F8EDA7AB2F}.Debug|Any CPU.ActiveCfg = Debug|Any CPU
		{61170FE4-3A4E-4EA5-9865-20F8EDA7AB2F}.Debug|Any CPU.Build.0 = Debug|Any CPU
		{61170FE4-3A4E-4EA5-9865-20F8EDA7AB2F}.Release|Any CPU.ActiveCfg = Release|Any CPU
		{61170FE4-3A4E-4EA5-9865-20F8EDA7AB2F}.Release|Any CPU.Build.0 = Release|Any CPU
		{B6A5E997-ABA6-41A0-9E4C-C1B31F2C4382}.Debug|Any CPU.ActiveCfg = Debug|Any CPU
		{B6A5E997-ABA6-41A0-9E4C-C1B31F2C4382}.Debug|Any CPU.Build.0 = Debug|Any CPU
		{B6A5E997-ABA6-41A0-9E4C-C1B31F2C4382}.Release|Any CPU.ActiveCfg = Release|Any CPU
		{B6A5E997-ABA6-41A0-9E4C-C1B31F2C4382}.Release|Any CPU.Build.0 = Release|Any CPU
		{1DB82478-3771-4280-BC13-A2E727FC43FA}.Debug|Any CPU.ActiveCfg = Debug|Any CPU
		{1DB82478-3771-4280-BC13-A2E727FC43FA}.Debug|Any CPU.Build.0 = Debug|Any CPU
		{1DB82478-3771-4280-BC13-A2E727FC43FA}.Release|Any CPU.ActiveCfg = Release|Any CPU
		{1DB82478-3771-4280-BC13-A2E727FC43FA}.Release|Any CPU.Build.0 = Release|Any CPU
		{E82CC949-E257-49A4-A67B-106977169E5B}.Debug|Any CPU.ActiveCfg = Debug|Any CPU
		{E82CC949-E257-49A4-A67B-106977169E5B}.Debug|Any CPU.Build.0 = Debug|Any CPU
		{E82CC949-E257-49A4-A67B-106977169E5B}.Release|Any CPU.ActiveCfg = Release|Any CPU
		{E82CC949-E257-49A4-A67B-106977169E5B}.Release|Any CPU.Build.0 = Release|Any CPU
		{F7944D53-D62C-4F40-BDFE-18B27221DE92}.Debug|Any CPU.ActiveCfg = Debug|Any CPU
		{F7944D53-D62C-4F40-BDFE-18B27221DE92}.Debug|Any CPU.Build.0 = Debug|Any CPU
		{F7944D53-D62C-4F40-BDFE-18B27221DE92}.Release|Any CPU.ActiveCfg = Release|Any CPU
		{F7944D53-D62C-4F40-BDFE-18B27221DE92}.Release|Any CPU.Build.0 = Release|Any CPU
		{C6116AEC-8B12-40CF-A080-B7BFA046E1AB}.Debug|Any CPU.ActiveCfg = Debug|Any CPU
		{C6116AEC-8B12-40CF-A080-B7BFA046E1AB}.Debug|Any CPU.Build.0 = Debug|Any CPU
		{C6116AEC-8B12-40CF-A080-B7BFA046E1AB}.Release|Any CPU.ActiveCfg = Release|Any CPU
		{C6116AEC-8B12-40CF-A080-B7BFA046E1AB}.Release|Any CPU.Build.0 = Release|Any CPU
	EndGlobalSection
	GlobalSection(SolutionProperties) = preSolution
		HideSolutionNode = FALSE
	EndGlobalSection
	GlobalSection(NestedProjects) = preSolution
		{D0694301-4FE0-4147-AE00-1D875444E519} = {05AE7AAB-B851-4BC3-AD6A-E31D7355FBE7}
		{3B00C247-3FED-4941-8F43-A2CDC1DDBB8C} = {E9D9C4F6-4AD1-486D-89CD-BCD531513315}
		{299BBC3A-097D-4C04-8A7C-68FF9B16635C} = {5D239AE3-1E96-414A-B338-00BC13529C12}
		{9737B5E4-F680-4ADB-9EE4-B37E4D986A1D} = {5D239AE3-1E96-414A-B338-00BC13529C12}
		{4965EF45-2A6A-4DD9-BA7A-037D5A108DBD} = {5D239AE3-1E96-414A-B338-00BC13529C12}
		{61170FE4-3A4E-4EA5-9865-20F8EDA7AB2F} = {FDB5ADF2-FC97-4BCD-B8C4-149AC54CEB51}
		{B6A5E997-ABA6-41A0-9E4C-C1B31F2C4382} = {FDB5ADF2-FC97-4BCD-B8C4-149AC54CEB51}
		{1DB82478-3771-4280-BC13-A2E727FC43FA} = {FDB5ADF2-FC97-4BCD-B8C4-149AC54CEB51}
		{E82CC949-E257-49A4-A67B-106977169E5B} = {06F0A860-C798-47B4-AE38-DE07ED2A4EAB}
		{F7944D53-D62C-4F40-BDFE-18B27221DE92} = {06F0A860-C798-47B4-AE38-DE07ED2A4EAB}
		{C6116AEC-8B12-40CF-A080-B7BFA046E1AB} = {06F0A860-C798-47B4-AE38-DE07ED2A4EAB}
	EndGlobalSection
	GlobalSection(ExtensibilityGlobals) = postSolution
		SolutionGuid = {36D667D9-7318-4CEE-BA44-2091FE0BD1EE}
	EndGlobalSection
EndGlobal
